// !$*UTF8*$!
{
	archiveVersion = 1;
	classes = {
	};
	objectVersion = 56;
	objects = {

/* Begin PBXBuildFile section */
		1D82D6B82FBA0EDD00EFFC7B /* PrayerEnums.swift in Sources */ = {isa = PBXBuildFile; fileRef = 1D82D6B72FBA0EDD00EFFC7B /* PrayerEnums.swift */; };
		1D82D6BA2FBA0EF400EFFC7B /* PrayerRecord.swift in Sources */ = {isa = PBXBuildFile; fileRef = 1D82D6B92FBA0EF400EFFC7B /* PrayerRecord.swift */; };
		1D82D6BC2FBA0EFB00EFFC7B /* RakatRecord.swift in Sources */ = {isa = PBXBuildFile; fileRef = 1D82D6BB2FBA0EFB00EFFC7B /* RakatRecord.swift */; };
		1D82D6BE2FBA0F0100EFFC7B /* SurahRecitation.swift in Sources */ = {isa = PBXBuildFile; fileRef = 1D82D6BD2FBA0F0100EFFC7B /* SurahRecitation.swift */; };
		1D82D6C02FBA0F0800EFFC7B /* PostureEvent.swift in Sources */ = {isa = PBXBuildFile; fileRef = 1D82D6BF2FBA0F0800EFFC7B /* PostureEvent.swift */; };
		1D82D6C22FBA0F0F00EFFC7B /* UserPrayerStats.swift in Sources */ = {isa = PBXBuildFile; fileRef = 1D82D6C12FBA0F0F00EFFC7B /* UserPrayerStats.swift */; };
		1D82D6C42FBA0F1900EFFC7B /* UserSettings.swift in Sources */ = {isa = PBXBuildFile; fileRef = 1D82D6C32FBA0F1900EFFC7B /* UserSettings.swift */; };
		1D82D6C62FBA0F2100EFFC7B /* NotificationPreference.swift in Sources */ = {isa = PBXBuildFile; fileRef = 1D82D6C52FBA0F2100EFFC7B /* NotificationPreference.swift */; };
		1D82D6C82FBA0F2800EFFC7B /* Goal.swift in Sources */ = {isa = PBXBuildFile; fileRef = 1D82D6C72FBA0F2800EFFC7B /* Goal.swift */; };
		1D82D6CB2FBA0FC100EFFC7B /* MockDataGenerator.swift in Sources */ = {isa = PBXBuildFile; fileRef = 1D82D6CA2FBA0FC100EFFC7B /* MockDataGenerator.swift */; };
		1D82D6CD2FBA0FD800EFFC7B /* PreviewContainer.swift in Sources */ = {isa = PBXBuildFile; fileRef = 1D82D6CC2FBA0FD800EFFC7B /* PreviewContainer.swift */; };
		1D82D6D02FBA124300EFFC7B /* PrayerStyle.swift in Sources */ = {isa = PBXBuildFile; fileRef = 1D82D6CF2FBA124300EFFC7B /* PrayerStyle.swift */; };
		1D82D6D32FBA125500EFFC7B /* PrayerRingsView.swift in Sources */ = {isa = PBXBuildFile; fileRef = 1D82D6D22FBA125500EFFC7B /* PrayerRingsView.swift */; };
		1D82D6D52FBA127800EFFC7B /* TodayView.swift in Sources */ = {isa = PBXBuildFile; fileRef = 1D82D6D42FBA127800EFFC7B /* TodayView.swift */; };
		1D82D6D72FBA129F00EFFC7B /* PrayerDetailSheet.swift in Sources */ = {isa = PBXBuildFile; fileRef = 1D82D6D62FBA129F00EFFC7B /* PrayerDetailSheet.swift */; };
		1D82D6D92FBA12D400EFFC7B /* HistoryView.swift in Sources */ = {isa = PBXBuildFile; fileRef = 1D82D6D82FBA12D400EFFC7B /* HistoryView.swift */; };
		1D82D6DB2FBA12E800EFFC7B /* DayDetailSheet.swift in Sources */ = {isa = PBXBuildFile; fileRef = 1D82D6DA2FBA12E800EFFC7B /* DayDetailSheet.swift */; };
		1D82D6DD2FBA131300EFFC7B /* StatsView.swift in Sources */ = {isa = PBXBuildFile; fileRef = 1D82D6DC2FBA131300EFFC7B /* StatsView.swift */; };
		1D82D6DF2FBA132800EFFC7B /* SettingsView.swift in Sources */ = {isa = PBXBuildFile; fileRef = 1D82D6DE2FBA132800EFFC7B /* SettingsView.swift */; };
		1D82D6E12FBA133700EFFC7B /* NotificationPreferencesView.swift in Sources */ = {isa = PBXBuildFile; fileRef = 1D82D6E02FBA133700EFFC7B /* NotificationPreferencesView.swift */; };
		A1000001 /* NamaziApp.swift in Sources */ = {isa = PBXBuildFile; fileRef = A1000010 /* NamaziApp.swift */; };
		A1000002 /* ContentView.swift in Sources */ = {isa = PBXBuildFile; fileRef = A1000011 /* ContentView.swift */; };
		A1000003 /* Assets.xcassets in Resources */ = {isa = PBXBuildFile; fileRef = A1000012 /* Assets.xcassets */; };
		A1000004 /* Preview Assets.xcassets in Resources */ = {isa = PBXBuildFile; fileRef = A1000013 /* Preview Assets.xcassets */; };
/* End PBXBuildFile section */

/* Begin PBXFileReference section */
		1D82D6B72FBA0EDD00EFFC7B /* PrayerEnums.swift */ = {isa = PBXFileReference; lastKnownFileType = sourcecode.swift; path = PrayerEnums.swift; sourceTree = "<group>"; };
		1D82D6B92FBA0EF400EFFC7B /* PrayerRecord.swift */ = {isa = PBXFileReference; lastKnownFileType = sourcecode.swift; path = PrayerRecord.swift; sourceTree = "<group>"; };
		1D82D6BB2FBA0EFB00EFFC7B /* RakatRecord.swift */ = {isa = PBXFileReference; lastKnownFileType = sourcecode.swift; path = RakatRecord.swift; sourceTree = "<group>"; };
		1D82D6BD2FBA0F0100EFFC7B /* SurahRecitation.swift */ = {isa = PBXFileReference; lastKnownFileType = sourcecode.swift; path = SurahRecitation.swift; sourceTree = "<group>"; };
		1D82D6BF2FBA0F0800EFFC7B /* PostureEvent.swift */ = {isa = PBXFileReference; lastKnownFileType = sourcecode.swift; path = PostureEvent.swift; sourceTree = "<group>"; };
		1D82D6C12FBA0F0F00EFFC7B /* UserPrayerStats.swift */ = {isa = PBXFileReference; lastKnownFileType = sourcecode.swift; path = UserPrayerStats.swift; sourceTree = "<group>"; };
		1D82D6C32FBA0F1900EFFC7B /* UserSettings.swift */ = {isa = PBXFileReference; lastKnownFileType = sourcecode.swift; path = UserSettings.swift; sourceTree = "<group>"; };
		1D82D6C52FBA0F2100EFFC7B /* NotificationPreference.swift */ = {isa = PBXFileReference; lastKnownFileType = sourcecode.swift; path = NotificationPreference.swift; sourceTree = "<group>"; };
		1D82D6C72FBA0F2800EFFC7B /* Goal.swift */ = {isa = PBXFileReference; lastKnownFileType = sourcecode.swift; path = Goal.swift; sourceTree = "<group>"; };
		1D82D6CA2FBA0FC100EFFC7B /* MockDataGenerator.swift */ = {isa = PBXFileReference; lastKnownFileType = sourcecode.swift; path = MockDataGenerator.swift; sourceTree = "<group>"; };
		1D82D6CC2FBA0FD800EFFC7B /* PreviewContainer.swift */ = {isa = PBXFileReference; lastKnownFileType = sourcecode.swift; path = PreviewContainer.swift; sourceTree = "<group>"; };
		1D82D6CF2FBA124300EFFC7B /* PrayerStyle.swift */ = {isa = PBXFileReference; lastKnownFileType = sourcecode.swift; path = PrayerStyle.swift; sourceTree = "<group>"; };
		1D82D6D22FBA125500EFFC7B /* PrayerRingsView.swift */ = {isa = PBXFileReference; lastKnownFileType = sourcecode.swift; path = PrayerRingsView.swift; sourceTree = "<group>"; };
		1D82D6D42FBA127800EFFC7B /* TodayView.swift */ = {isa = PBXFileReference; lastKnownFileType = sourcecode.swift; path = TodayView.swift; sourceTree = "<group>"; };
		1D82D6D62FBA129F00EFFC7B /* PrayerDetailSheet.swift */ = {isa = PBXFileReference; lastKnownFileType = sourcecode.swift; path = PrayerDetailSheet.swift; sourceTree = "<group>"; };
		1D82D6D82FBA12D400EFFC7B /* HistoryView.swift */ = {isa = PBXFileReference; lastKnownFileType = sourcecode.swift; path = HistoryView.swift; sourceTree = "<group>"; };
		1D82D6DA2FBA12E800EFFC7B /* DayDetailSheet.swift */ = {isa = PBXFileReference; lastKnownFileType = sourcecode.swift; path = DayDetailSheet.swift; sourceTree = "<group>"; };
		1D82D6DC2FBA131300EFFC7B /* StatsView.swift */ = {isa = PBXFileReference; lastKnownFileType = sourcecode.swift; path = StatsView.swift; sourceTree = "<group>"; };
		1D82D6DE2FBA132800EFFC7B /* SettingsView.swift */ = {isa = PBXFileReference; lastKnownFileType = sourcecode.swift; path = SettingsView.swift; sourceTree = "<group>"; };
		1D82D6E02FBA133700EFFC7B /* NotificationPreferencesView.swift */ = {isa = PBXFileReference; lastKnownFileType = sourcecode.swift; path = NotificationPreferencesView.swift; sourceTree = "<group>"; };
		A1000005 /* Namazi.app */ = {isa = PBXFileReference; explicitFileType = wrapper.application; includeInIndex = 0; path = Namazi.app; sourceTree = BUILT_PRODUCTS_DIR; };
		A1000010 /* NamaziApp.swift */ = {isa = PBXFileReference; lastKnownFileType = sourcecode.swift; path = NamaziApp.swift; sourceTree = "<group>"; };
		A1000011 /* ContentView.swift */ = {isa = PBXFileReference; lastKnownFileType = sourcecode.swift; path = ContentView.swift; sourceTree = "<group>"; };
		A1000012 /* Assets.xcassets */ = {isa = PBXFileReference; lastKnownFileType = folder.assetcatalog; path = Assets.xcassets; sourceTree = "<group>"; };
		A1000013 /* Preview Assets.xcassets */ = {isa = PBXFileReference; lastKnownFileType = folder.assetcatalog; path = "Preview Assets.xcassets"; sourceTree = "<group>"; };
/* End PBXFileReference section */

/* Begin PBXFrameworksBuildPhase section */
		A1000020 /* Frameworks */ = {
			isa = PBXFrameworksBuildPhase;
			buildActionMask = 2147483647;
			files = (
			);
			runOnlyForDeploymentPostprocessing = 0;
		};
/* End PBXFrameworksBuildPhase section */

/* Begin PBXGroup section */
		1D82D6B62FBA0EDD00EFFC7B /* Models */ = {
			isa = PBXGroup;
			children = (
				1D82D6B72FBA0EDD00EFFC7B /* PrayerEnums.swift */,
				1D82D6B92FBA0EF400EFFC7B /* PrayerRecord.swift */,
				1D82D6BB2FBA0EFB00EFFC7B /* RakatRecord.swift */,
				1D82D6BD2FBA0F0100EFFC7B /* SurahRecitation.swift */,
				1D82D6BF2FBA0F0800EFFC7B /* PostureEvent.swift */,
				1D82D6C12FBA0F0F00EFFC7B /* UserPrayerStats.swift */,
				1D82D6C32FBA0F1900EFFC7B /* UserSettings.swift */,
				1D82D6C52FBA0F2100EFFC7B /* NotificationPreference.swift */,
				1D82D6C72FBA0F2800EFFC7B /* Goal.swift */,
			);
			path = Models;
			sourceTree = "<group>";
		};
		1D82D6C92FBA0FC100EFFC7B /* Mock */ = {
			isa = PBXGroup;
			children = (
				1D82D6CA2FBA0FC100EFFC7B /* MockDataGenerator.swift */,
				1D82D6CC2FBA0FD800EFFC7B /* PreviewContainer.swift */,
			);
			path = Mock;
			sourceTree = "<group>";
		};
		1D82D6CE2FBA124300EFFC7B /* Theme */ = {
			isa = PBXGroup;
			children = (
				1D82D6CF2FBA124300EFFC7B /* PrayerStyle.swift */,
			);
			path = Theme;
			sourceTree = "<group>";
		};
		1D82D6D12FBA125500EFFC7B /* Views */ = {
			isa = PBXGroup;
			children = (
				1D82D6D22FBA125500EFFC7B /* PrayerRingsView.swift */,
				1D82D6D42FBA127800EFFC7B /* TodayView.swift */,
				1D82D6D62FBA129F00EFFC7B /* PrayerDetailSheet.swift */,
				1D82D6D82FBA12D400EFFC7B /* HistoryView.swift */,
				1D82D6DA2FBA12E800EFFC7B /* DayDetailSheet.swift */,
				1D82D6DC2FBA131300EFFC7B /* StatsView.swift */,
				1D82D6DE2FBA132800EFFC7B /* SettingsView.swift */,
				1D82D6E02FBA133700EFFC7B /* NotificationPreferencesView.swift */,
			);
			path = Views;
			sourceTree = "<group>";
		};
		A1000030 /* Namazi */ = {
			isa = PBXGroup;
			children = (
				A1000010 /* NamaziApp.swift */,
				A1000011 /* ContentView.swift */,
				A1000012 /* Assets.xcassets */,
				A1000040 /* Preview Content */,
				1D82D6B62FBA0EDD00EFFC7B /* Models */,
				1D82D6C92FBA0FC100EFFC7B /* Mock */,
				1D82D6CE2FBA124300EFFC7B /* Theme */,
				1D82D6D12FBA125500EFFC7B /* Views */,
			);
			path = Namazi;
			sourceTree = "<group>";
		};
		A1000031 /* Products */ = {
			isa = PBXGroup;
			children = (
				A1000005 /* Namazi.app */,
			);
			name = Products;
			sourceTree = "<group>";
		};
		A1000032 = {
			isa = PBXGroup;
			children = (
				A1000030 /* Namazi */,
				A1000031 /* Products */,
			);
			sourceTree = "<group>";
		};
		A1000040 /* Preview Content */ = {
			isa = PBXGroup;
			children = (
				A1000013 /* Preview Assets.xcassets */,
			);
			path = "Preview Content";
			sourceTree = "<group>";
		};
/* End PBXGroup section */

/* Begin PBXNativeTarget section */
		A1000050 /* Namazi */ = {
			isa = PBXNativeTarget;
			buildConfigurationList = A1000060 /* Build configuration list for PBXNativeTarget "Namazi" */;
			buildPhases = (
				A1000021 /* Sources */,
				A1000020 /* Frameworks */,
				A1000022 /* Resources */,
			);
			buildRules = (
			);
			dependencies = (
			);
			name = Namazi;
			productName = Namazi;
			productReference = A1000005 /* Namazi.app */;
			productType = "com.apple.product-type.application";
		};
/* End PBXNativeTarget section */

/* Begin PBXProject section */
		A1000070 /* Project object */ = {
			isa = PBXProject;
			attributes = {
				BuildIndependentTargetsInParallel = 1;
				LastSwiftUpdateCheck = 1500;
				LastUpgradeCheck = 2650;
				TargetAttributes = {
					A1000050 = {
						CreatedOnToolsVersion = 15.0;
					};
				};
			};
			buildConfigurationList = A1000061 /* Build configuration list for PBXProject "Namazi" */;
			compatibilityVersion = "Xcode 14.0";
			developmentRegion = en;
			hasScannedForEncodings = 0;
			knownRegions = (
				en,
				Base,
			);
			mainGroup = A1000032;
			productRefGroup = A1000031 /* Products */;
			projectDirPath = "";
			projectRoot = "";
			targets = (
				A1000050 /* Namazi */,
			);
		};
/* End PBXProject section */

/* Begin PBXResourcesBuildPhase section */
		A1000022 /* Resources */ = {
			isa = PBXResourcesBuildPhase;
			buildActionMask = 2147483647;
			files = (
				A1000004 /* Preview Assets.xcassets in Resources */,
				A1000003 /* Assets.xcassets in Resources */,
			);
			runOnlyForDeploymentPostprocessing = 0;
		};
/* End PBXResourcesBuildPhase section */

/* Begin PBXSourcesBuildPhase section */
		A1000021 /* Sources */ = {
			isa = PBXSourcesBuildPhase;
			buildActionMask = 2147483647;
			files = (
				1D82D6DF2FBA132800EFFC7B /* SettingsView.swift in Sources */,
				A1000002 /* ContentView.swift in Sources */,
				1D82D6CB2FBA0FC100EFFC7B /* MockDataGenerator.swift in Sources */,
				1D82D6C22FBA0F0F00EFFC7B /* UserPrayerStats.swift in Sources */,
				1D82D6BE2FBA0F0100EFFC7B /* SurahRecitation.swift in Sources */,
				1D82D6C02FBA0F0800EFFC7B /* PostureEvent.swift in Sources */,
				1D82D6E12FBA133700EFFC7B /* NotificationPreferencesView.swift in Sources */,
				1D82D6CD2FBA0FD800EFFC7B /* PreviewContainer.swift in Sources */,
				1D82D6D52FBA127800EFFC7B /* TodayView.swift in Sources */,
				1D82D6D92FBA12D400EFFC7B /* HistoryView.swift in Sources */,
				1D82D6C42FBA0F1900EFFC7B /* UserSettings.swift in Sources */,
				1D82D6C62FBA0F2100EFFC7B /* NotificationPreference.swift in Sources */,
				1D82D6C82FBA0F2800EFFC7B /* Goal.swift in Sources */,
				1D82D6B82FBA0EDD00EFFC7B /* PrayerEnums.swift in Sources */,
				1D82D6D02FBA124300EFFC7B /* PrayerStyle.swift in Sources */,
				1D82D6D32FBA125500EFFC7B /* PrayerRingsView.swift in Sources */,
				A1000001 /* NamaziApp.swift in Sources */,
				1D82D6DB2FBA12E800EFFC7B /* DayDetailSheet.swift in Sources */,
				1D82D6DD2FBA131300EFFC7B /* StatsView.swift in Sources */,
				1D82D6BA2FBA0EF400EFFC7B /* PrayerRecord.swift in Sources */,
				1D82D6BC2FBA0EFB00EFFC7B /* RakatRecord.swift in Sources */,
				1D82D6D72FBA129F00EFFC7B /* PrayerDetailSheet.swift in Sources */,
			);
			runOnlyForDeploymentPostprocessing = 0;
		};
/* End PBXSourcesBuildPhase section */

/* Begin XCBuildConfiguration section */
		A1000080 /* Debug */ = {
			isa = XCBuildConfiguration;
			buildSettings = {
				ALWAYS_SEARCH_USER_PATHS = NO;
				ASSETCATALOG_COMPILER_GENERATE_SWIFT_ASSET_SYMBOL_EXTENSIONS = YES;
				CLANG_ANALYZER_NONNULL = YES;
				CLANG_ANALYZER_NUMBER_OBJECT_CONVERSION = YES_AGGRESSIVE;
				CLANG_CXX_LANGUAGE_STANDARD = "gnu++20";
				CLANG_ENABLE_MODULES = YES;
				CLANG_ENABLE_OBJC_ARC = YES;
				CLANG_ENABLE_OBJC_WEAK = YES;
				CLANG_WARN_BLOCK_CAPTURE_AUTORELEASING = YES;
				CLANG_WARN_BOOL_CONVERSION = YES;
				CLANG_WARN_COMMA = YES;
				CLANG_WARN_CONSTANT_CONVERSION = YES;
				CLANG_WARN_DEPRECATED_OBJC_IMPLEMENTATIONS = YES;
				CLANG_WARN_DIRECT_OBJC_ISA_USAGE = YES_ERROR;
				CLANG_WARN_DOCUMENTATION_COMMENTS = YES;
				CLANG_WARN_EMPTY_BODY = YES;
				CLANG_WARN_ENUM_CONVERSION = YES;
				CLANG_WARN_INFINITE_RECURSION = YES;
				CLANG_WARN_INT_CONVERSION = YES;
				CLANG_WARN_NON_LITERAL_NULL_CONVERSION = YES;
				CLANG_WARN_OBJC_IMPLICIT_RETAIN_SELF = YES;
				CLANG_WARN_OBJC_LITERAL_CONVERSION = YES;
				CLANG_WARN_OBJC_ROOT_CLASS = YES_ERROR;
				CLANG_WARN_QUOTED_INCLUDE_IN_FRAMEWORK_HEADER = YES;
				CLANG_WARN_RANGE_LOOP_ANALYSIS = YES;
				CLANG_WARN_STRICT_PROTOTYPES = YES;
				CLANG_WARN_SUSPICIOUS_MOVE = YES;
				CLANG_WARN_UNGUARDED_AVAILABILITY = YES_AGGRESSIVE;
				CLANG_WARN_UNREACHABLE_CODE = YES;
				CLANG_WARN__DUPLICATE_METHOD_MATCH = YES;
				COPY_PHASE_STRIP = NO;
				DEBUG_INFORMATION_FORMAT = dwarf;
				DEVELOPMENT_TEAM = Z5CW9DAHL7;
				ENABLE_STRICT_OBJC_MSGSEND = YES;
				ENABLE_TESTABILITY = YES;
				ENABLE_USER_SCRIPT_SANDBOXING = YES;
				GCC_C_LANGUAGE_STANDARD = gnu17;
				GCC_DYNAMIC_NO_PIC = NO;
				GCC_NO_COMMON_BLOCKS = YES;
				GCC_OPTIMIZATION_LEVEL = 0;
				GCC_PREPROCESSOR_DEFINITIONS = (
					"DEBUG=1",
					"$(inherited)",
				);
				GCC_WARN_64_TO_32_BIT_CONVERSION = YES;
				GCC_WARN_ABOUT_RETURN_TYPE = YES_ERROR;
				GCC_WARN_UNDECLARED_SELECTOR = YES;
				GCC_WARN_UNINITIALIZED_AUTOS = YES_AGGRESSIVE;
				GCC_WARN_UNUSED_FUNCTION = YES;
				GCC_WARN_UNUSED_VARIABLE = YES;
				IPHONEOS_DEPLOYMENT_TARGET = 17.0;
				MTL_ENABLE_DEBUG_INFO = INCLUDE_SOURCE;
				MTL_FAST_MATH = YES;
				ONLY_ACTIVE_ARCH = YES;
				SDKROOT = iphoneos;
				STRING_CATALOG_GENERATE_SYMBOLS = YES;
				SWIFT_ACTIVE_COMPILATION_CONDITIONS = "DEBUG $(inherited)";
				SWIFT_OPTIMIZATION_LEVEL = "-Onone";
			};
			name = Debug;
		};
		A1000081 /* Release */ = {
			isa = XCBuildConfiguration;
			buildSettings = {
				ALWAYS_SEARCH_USER_PATHS = NO;
				ASSETCATALOG_COMPILER_GENERATE_SWIFT_ASSET_SYMBOL_EXTENSIONS = YES;
				CLANG_ANALYZER_NONNULL = YES;
				CLANG_ANALYZER_NUMBER_OBJECT_CONVERSION = YES_AGGRESSIVE;
				CLANG_CXX_LANGUAGE_STANDARD = "gnu++20";
				CLANG_ENABLE_MODULES = YES;
				CLANG_ENABLE_OBJC_ARC = YES;
				CLANG_ENABLE_OBJC_WEAK = YES;
				CLANG_WARN_BLOCK_CAPTURE_AUTORELEASING = YES;
				CLANG_WARN_BOOL_CONVERSION = YES;
				CLANG_WARN_COMMA = YES;
				CLANG_WARN_CONSTANT_CONVERSION = YES;
				CLANG_WARN_DEPRECATED_OBJC_IMPLEMENTATIONS = YES;
				CLANG_WARN_DIRECT_OBJC_ISA_USAGE = YES_ERROR;
				CLANG_WARN_DOCUMENTATION_COMMENTS = YES;
				CLANG_WARN_EMPTY_BODY = YES;
				CLANG_WARN_ENUM_CONVERSION = YES;
				CLANG_WARN_INFINITE_RECURSION = YES;
				CLANG_WARN_INT_CONVERSION = YES;
				CLANG_WARN_NON_LITERAL_NULL_CONVERSION = YES;
				CLANG_WARN_OBJC_IMPLICIT_RETAIN_SELF = YES;
				CLANG_WARN_OBJC_LITERAL_CONVERSION = YES;
				CLANG_WARN_OBJC_ROOT_CLASS = YES_ERROR;
				CLANG_WARN_QUOTED_INCLUDE_IN_FRAMEWORK_HEADER = YES;
				CLANG_WARN_RANGE_LOOP_ANALYSIS = YES;
				CLANG_WARN_STRICT_PROTOTYPES = YES;
				CLANG_WARN_SUSPICIOUS_MOVE = YES;
				CLANG_WARN_UNGUARDED_AVAILABILITY = YES_AGGRESSIVE;
				CLANG_WARN_UNREACHABLE_CODE = YES;
				CLANG_WARN__DUPLICATE_METHOD_MATCH = YES;
				COPY_PHASE_STRIP = NO;
				DEBUG_INFORMATION_FORMAT = "dwarf-with-dsym";
				DEVELOPMENT_TEAM = Z5CW9DAHL7;
				ENABLE_NS_ASSERTIONS = NO;
				ENABLE_STRICT_OBJC_MSGSEND = YES;
				ENABLE_USER_SCRIPT_SANDBOXING = YES;
				GCC_C_LANGUAGE_STANDARD = gnu17;
				GCC_NO_COMMON_BLOCKS = YES;
				GCC_WARN_64_TO_32_BIT_CONVERSION = YES;
				GCC_WARN_ABOUT_RETURN_TYPE = YES_ERROR;
				GCC_WARN_UNDECLARED_SELECTOR = YES;
				GCC_WARN_UNINITIALIZED_AUTOS = YES_AGGRESSIVE;
				GCC_WARN_UNUSED_FUNCTION = YES;
				GCC_WARN_UNUSED_VARIABLE = YES;
				IPHONEOS_DEPLOYMENT_TARGET = 17.0;
				MTL_FAST_MATH = YES;
				SDKROOT = iphoneos;
				STRING_CATALOG_GENERATE_SYMBOLS = YES;
				SWIFT_COMPILATION_MODE = wholemodule;
				VALIDATE_PRODUCT = YES;
			};
			name = Release;
		};
		A1000082 /* Debug */ = {
			isa = XCBuildConfiguration;
			buildSettings = {
				ASSETCATALOG_COMPILER_APPICON_NAME = AppIcon;
				ASSETCATALOG_COMPILER_GLOBAL_ACCENT_COLOR_NAME = AccentColor;
				CODE_SIGN_STYLE = Automatic;
				CURRENT_PROJECT_VERSION = 1;
				DEVELOPMENT_ASSET_PATHS = "\"Namazi/Preview Content\"";
				ENABLE_PREVIEWS = YES;
				GENERATE_INFOPLIST_FILE = YES;
				INFOPLIST_KEY_UIApplicationSceneManifest_Generation = YES;
				INFOPLIST_KEY_UIApplicationSupportsIndirectInputEvents = YES;
				INFOPLIST_KEY_UILaunchScreen_Generation = YES;
				INFOPLIST_KEY_UISupportedInterfaceOrientations_iPad = "UIInterfaceOrientationPortrait UIInterfaceOrientationPortraitUpsideDown UIInterfaceOrientationLandscapeLeft UIInterfaceOrientationLandscapeRight";
				INFOPLIST_KEY_UISupportedInterfaceOrientations_iPhone = "UIInterfaceOrientationPortrait UIInterfaceOrientationLandscapeLeft UIInterfaceOrientationLandscapeRight";
				IPHONEOS_DEPLOYMENT_TARGET = 17.0;
				LD_RUNPATH_SEARCH_PATHS = (
					"$(inherited)",
					"@executable_path/Frameworks",
				);
				MARKETING_VERSION = 1.0;
				PRODUCT_BUNDLE_IDENTIFIER = com.namazi.app;
				PRODUCT_NAME = "$(TARGET_NAME)";
				SWIFT_EMIT_LOC_STRINGS = YES;
				SWIFT_VERSION = 5.0;
				TARGETED_DEVICE_FAMILY = "1,2";
			};
			name = Debug;
		};
		A1000083 /* Release */ = {
			isa = XCBuildConfiguration;
			buildSettings = {
				ASSETCATALOG_COMPILER_APPICON_NAME = AppIcon;
				ASSETCATALOG_COMPILER_GLOBAL_ACCENT_COLOR_NAME = AccentColor;
				CODE_SIGN_STYLE = Automatic;
				CURRENT_PROJECT_VERSION = 1;
				DEVELOPMENT_ASSET_PATHS = "\"Namazi/Preview Content\"";
				ENABLE_PREVIEWS = YES;
				GENERATE_INFOPLIST_FILE = YES;
				INFOPLIST_KEY_UIApplicationSceneManifest_Generation = YES;
				INFOPLIST_KEY_UIApplicationSupportsIndirectInputEvents = YES;
				INFOPLIST_KEY_UILaunchScreen_Generation = YES;
				INFOPLIST_KEY_UISupportedInterfaceOrientations_iPad = "UIInterfaceOrientationPortrait UIInterfaceOrientationPortraitUpsideDown UIInterfaceOrientationLandscapeLeft UIInterfaceOrientationLandscapeRight";
				INFOPLIST_KEY_UISupportedInterfaceOrientations_iPhone = "UIInterfaceOrientationPortrait UIInterfaceOrientationLandscapeLeft UIInterfaceOrientationLandscapeRight";
				IPHONEOS_DEPLOYMENT_TARGET = 17.0;
				LD_RUNPATH_SEARCH_PATHS = (
					"$(inherited)",
					"@executable_path/Frameworks",
				);
				MARKETING_VERSION = 1.0;
				PRODUCT_BUNDLE_IDENTIFIER = com.namazi.app;
				PRODUCT_NAME = "$(TARGET_NAME)";
				SWIFT_EMIT_LOC_STRINGS = YES;
				SWIFT_VERSION = 5.0;
				TARGETED_DEVICE_FAMILY = "1,2";
			};
			name = Release;
		};
/* End XCBuildConfiguration section */

/* Begin XCConfigurationList section */
		A1000060 /* Build configuration list for PBXNativeTarget "Namazi" */ = {
			isa = XCConfigurationList;
			buildConfigurations = (
				A1000082 /* Debug */,
				A1000083 /* Release */,
			);
			defaultConfigurationIsVisible = 0;
			defaultConfigurationName = Release;
		};
		A1000061 /* Build configuration list for PBXProject "Namazi" */ = {
			isa = XCConfigurationList;
			buildConfigurations = (
				A1000080 /* Debug */,
				A1000081 /* Release */,
			);
			defaultConfigurationIsVisible = 0;
			defaultConfigurationName = Release;
		};
/* End XCConfigurationList section */
	};
	rootObject = A1000070 /* Project object */;
}
